{
    "_readme": [
        "This file locks the dependencies of your project to a known state",
        "Read more about it at https://getcomposer.org/doc/01-basic-usage.md#installing-dependencies",
        "This file is @generated automatically"
    ],
    "content-hash": "35512dea383cc20bfe61cb839ae2a103",
    "packages": [],
    "packages-dev": [
        {
            "name": "antecedent/patchwork",
            "version": "2.2.3",
            "source": {
                "type": "git",
                "url": "https://github.com/antecedent/patchwork.git",
                "reference": "8b6b235f405af175259c8f56aea5fc23ab9f03ce"
            },
            "dist": {
                "type": "zip",
                "url": "https://api.github.com/repos/antecedent/patchwork/zipball/8b6b235f405af175259c8f56aea5fc23ab9f03ce",
                "reference": "8b6b235f405af175259c8f56aea5fc23ab9f03ce",
                "shasum": ""
            },
            "require": {
                "php": ">=7.1.0"
            },
            "require-dev": {
                "phpunit/phpunit": ">=4"
            },
            "type": "library",
            "notification-url": "https://packagist.org/downloads/",
            "license": [
                "MIT"
            ],
            "authors": [
                {
                    "name": "Ignas Rudaitis",
                    "email": "ignas.rudaitis@gmail.com"
                }
            ],
            "description": "Method redefinition (monkey-patching) functionality for PHP.",
            "homepage": "https://antecedent.github.io/patchwork/",
            "keywords": [
                "aop",
                "aspect",
                "interception",
                "monkeypatching",
                "redefinition",
                "runkit",
                "testing"
            ],
            "support": {
                "issues": "https://github.com/antecedent/patchwork/issues",
                "source": "https://github.com/antecedent/patchwork/tree/2.2.3"
            },
            "time": "2025-09-17T09:00:56+00:00"
        },
        {
            "name": "brain/monkey",
            "version": "2.7.0",
            "source": {
                "type": "git",
                "url": "https://github.com/Brain-WP/BrainMonkey.git",
                "reference": "ea3aeb3d559ba3c0930b3f4d210b665a4c044d83"
            },
            "dist": {
                "type": "zip",
                "url": "https://api.github.com/repos/Brain-WP/BrainMonkey/zipball/ea3aeb3d559ba3c0930b3f4d210b665a4c044d83",
                "reference": "ea3aeb3d559ba3c0930b3f4d210b665a4c044d83",
                "shasum": ""
            },
            "require": {
                "antecedent/patchwork": "^2.1.17",
                "mockery/mockery": "~1.3.6 || ~1.4.4 || ~1.5.1 || ^1.6.10",
                "php": ">=5.6.0"
            },
            "require-dev": {
                "dealerdirect/phpcodesniffer-composer-installer": "^1.0.0",
                "phpcompatibility/php-compatibility": "^9.3.0",
                "phpunit/phpunit": "^5.7.27 || ^6.5.14 || ^7.5.20 || ^8.5.49 || ^9.6.30"
            },
            "type": "library",
            "extra": {
                "branch-alias": {
                    "dev-master": "2.x-dev",
                    "dev-version/1": "1.x-dev"
                }
            },
            "autoload": {
                "files": [
                    "inc/api.php"
                ],
                "psr-4": {
                    "Brain\\Monkey\\": "src/"
                }
            },
            "notification-url": "https://packagist.org/downloads/",
            "license": [
                "MIT"
            ],
            "authors": [
                {
                    "name": "Giuseppe Mazzapica",
                    "email": "giuseppe.mazzapica@gmail.com",
                    "homepage": "https://gmazzap.me",
                    "role": "Developer"
                }
            ],
            "description": "Mocking utility for PHP functions and WordPress plugin API",
            "keywords": [
                "Monkey Patching",
                "interception",
                "mock",
                "mock functions",
                "mockery",
                "patchwork",
                "redefinition",
                "runkit",
                "test",
                "testing"
            ],
            "support": {
                "issues": "https://github.com/Brain-WP/BrainMonkey/issues",
                "source": "https://github.com/Brain-WP/BrainMonkey"
            },
            "time": "2026-02-05T09:22:14+00:00"
        },
        {
            "name": "hamcrest/hamcrest-php",
            "version": "v2.1.1",
            "source": {
                "type": "git",
                "url": "https://github.com/hamcrest/hamcrest-php.git",
                "reference": "f8b1c0173b22fa6ec77a81fe63e5b01eba7e6487"
            },
            "dist": {
                "type": "zip",
                "url": "https://api.github.com/repos/hamcrest/hamcrest-php/zipball/f8b1c0173b22fa6ec77a81fe63e5b01eba7e6487",
                "reference": "f8b1c0173b22fa6ec77a81fe63e5b01eba7e6487",
                "shasum": ""
            },
            "require": {
                "php": "^7.4|^8.0"
            },
            "replace": {
                "cordoval/hamcrest-php": "*",
                "davedevelopment/hamcrest-php": "*",
                "kodova/hamcrest-php": "*"
            },
            "require-dev": {
                "phpunit/php-file-iterator": "^1.4 || ^2.0 || ^3.0",
                "phpunit/phpunit": "^4.8.36 || ^5.7 || ^6.5 || ^7.0 || ^8.0 || ^9.0"
            },
            "type": "library",
            "extra": {
                "branch-alias": {
                    "dev-master": "2.1-dev"
                }
            },
            "autoload": {
                "classmap": [
                    "hamcrest"
                ]
            },
            "notification-url": "https://packagist.org/downloads/",
            "license": [
                "BSD-3-Clause"
            ],
            "description": "This is the PHP port of Hamcrest Matchers",
            "keywords": [
                "test"
            ],
            "support": {
                "issues": "https://github.com/hamcrest/hamcrest-php/issues",
                "source": "https://github.com/hamcrest/hamcrest-php/tree/v2.1.1"
            },
            "time": "2025-04-30T06:54:44+00:00"
        },
        {
            "name": "mockery/mockery",
            "version": "1.6.12",
            "source": {
                "type": "git",
                "url": "https://github.com/mockery/mockery.git",
                "reference": "1f4efdd7d3beafe9807b08156dfcb176d18f1699"
            },
            "dist": {
                "type": "zip",
                "url": "https://api.github.com/repos/mockery/mockery/zipball/1f4efdd7d3beafe9807b08156dfcb176d18f1699",
                "reference": "1f4efdd7d3beafe9807b08156dfcb176d18f1699",
                "shasum": ""
            },
            "require": {
                "hamcrest/hamcrest-php": "^2.0.1",
                "lib-pcre": ">=7.0",
                "php": ">=7.3"
            },
            "conflict": {
                "phpunit/phpunit": "<8.0"
            },
            "require-dev": {
                "phpunit/phpunit": "^8.5 || ^9.6.17",
                "symplify/easy-coding-standard": "^12.1.14"
            },
            "type": "library",
            "autoload": {
                "files": [
                    "library/helpers.php",
                    "library/Mockery.php"
                ],
                "psr-4": {
                    "Mockery\\": "library/Mockery"
                }
            },
            "notification-url": "https://packagist.org/downloads/",
            "license": [
                "BSD-3-Clause"
            ],
            "authors": [
                {
                    "name": "Pádraic Brady",
                    "email": "padraic.brady@gmail.com",
                    "homepage": "https://github.com/padraic",
                    "role": "Author"
                },
                {
                    "name": "Dave Marshall",
                    "email": "dave.marshall@atstsolutions.co.uk",
                    "homepage": "https://davedevelopment.co.uk",
                    "role": "Developer"
                },
                {
                    "name": "Nathanael Esayeas",
                    "email": "nathanael.esayeas@protonmail.com",
                    "homepage": "https://github.com/ghostwriter",
                    "role": "Lead Developer"
                }
            ],
            "description": "Mockery is a simple yet flexible PHP mock object framework",
            "homepage": "https://github.com/mockery/mockery",
            "keywords": [
                "BDD",
                "TDD",
                "library",
                "mock",
                "mock objects",
                "mockery",
                "stub",
                "test",
                "test double",
                "testing"
            ],
            "support": {
                "docs": "https://docs.mockery.io/",
                "issues": "https://github.com/mockery/mockery/issues",
                "rss": "https://github.com/mockery/mockery/releases.atom",
                "security": "https://github.com/mockery/mockery/security/advisories",
                "source": "https://github.com/mockery/mockery"
            },
            "time": "2024-05-16T03:13:13+00:00"
        }
    ],
    "aliases": [],
    "minimum-stability": "stable",
    "stability-flags": {},
    "prefer-stable": false,
    "prefer-lowest": false,
    "platform": {},
    "platform-dev": {},
    "plugin-api-version": "2.9.0"
}
